{
  "name": "wireguard-ui",
  "lockfileVersion": 3,
  "requires": true,
  "packages": {
    "": {
      "devDependencies": {
        "@types/qrcode": "^1.5.1"
      }
    },
    "node_modules/@types/node": {
      "version": "20.4.8",
      "resolved": "https://registry.npmjs.org/@types/node/-/node-20.4.8.tgz",
      "integrity": "sha512-0mHckf6D2DiIAzh8fM8f3HQCvMKDpK94YQ0DSVkfWTG9BZleYIWudw9cJxX8oCk9bM+vAkDyujDV6dmKHbvQpg==",
      "dev": true
    },
    "node_modules/@types/qrcode": {
      "version": "1.5.1",
      "resolved": "https://registry.npmjs.org/@types/qrcode/-/qrcode-1.5.1.tgz",
      "integrity": "sha512-HpSN675K0PmxIDRpjMI3Mc2GiKo3dNu+X/F5SoItiaDS1lVfgC6Wac1c5lQDfKWbTJUSHWiHKzpJpBZG7k9gaA==",
      "dev": true,
      "dependencies": {
        "@types/node": "*"
      }
    }
  }
}
